
Microsoft Visual Studio Solution File, Format Version 12.00
Project("{FAE04EC0-301F-11D3-BF4B-00C04F79EFBC}") = "RefStructLinq", "RefStructLinq\RefStructLinq.csproj", "{77E66DD2-450B-4873-AD78-BFDDB161BC8D}"
EndProject
Project("{FAE04EC0-301F-11D3-BF4B-00C04F79EFBC}") = "ConsoleApp1", "ConsoleApp1\ConsoleApp1.csproj", "{1AD5F631-390E-49A8-B5D0-68C938767644}"
EndProject
Global
	GlobalSection(SolutionConfigurationPlatforms) = preSolution
		Debug|Any CPU = Debug|Any CPU
		Release|Any CPU = Release|Any CPU
	EndGlobalSection
	GlobalSection(ProjectConfigurationPlatforms) = postSolution
		{77E66DD2-450B-4873-AD78-BFDDB161BC8D}.Debug|Any CPU.ActiveCfg = Debug|Any CPU
		{77E66DD2-450B-4873-AD78-BFDDB161BC8D}.Debug|Any CPU.Build.0 = Debug|Any CPU
		{77E66DD2-450B-4873-AD78-BFDDB161BC8D}.Release|Any CPU.ActiveCfg = Release|Any CPU
		{77E66DD2-450B-4873-AD78-BFDDB161BC8D}.Release|Any CPU.Build.0 = Release|Any CPU
		{1AD5F631-390E-49A8-B5D0-68C938767644}.Debug|Any CPU.ActiveCfg = Debug|Any CPU
		{1AD5F631-390E-49A8-B5D0-68C938767644}.Debug|Any CPU.Build.0 = Debug|Any CPU
		{1AD5F631-390E-49A8-B5D0-68C938767644}.Release|Any CPU.ActiveCfg = Release|Any CPU
		{1AD5F631-390E-49A8-B5D0-68C938767644}.Release|Any CPU.Build.0 = Release|Any CPU
	EndGlobalSection
EndGlobal
